
Microsoft Visual Studio Solution File, Format Version 12.00
# Visual Studio Version 17
VisualStudioVersion = 17.0.31912.275
MinimumVisualStudioVersion = 10.0.40219.1
Project("{9A19103F-16F7-4668-BE54-9A1E7A4F7556}") = "OSIPTEL.Essiv.Api", "OSIPTEL.Essiv.Api\OSIPTEL.Essiv.Api.csproj", "{B1C8DF6D-8D22-4812-898C-19CD7106B0D3}"
EndProject
Project("{2150E333-8FDC-42A3-9474-1A3956D46DE8}") = "01. Api", "01. Api", "{A796DCD1-3666-4DE3-A2AB-2A460A89984F}"
EndProject
Project("{2150E333-8FDC-42A3-9474-1A3956D46DE8}") = "02. Services", "02. Services", "{7E22185B-E4C1-4C40-BEFE-4ECD78063E41}"
EndProject
Project("{2150E333-8FDC-42A3-9474-1A3956D46DE8}") = "03. Persistence", "03. Persistence", "{D5E531BA-D00B-4E0F-BF6C-3E36B1C33D3D}"
EndProject
Project("{2150E333-8FDC-42A3-9474-1A3956D46DE8}") = "04. Domain", "04. Domain", "{9AAEFAD9-AA6A-483A-AD6A-A254FE32C397}"
EndProject
Project("{2150E333-8FDC-42A3-9474-1A3956D46DE8}") = "05. Common", "05. Common", "{84B6FD42-14A0-4B38-899C-C12FFFA0FDF1}"
EndProject
Project("{9A19103F-16F7-4668-BE54-9A1E7A4F7556}") = "OSIPTEL.Common.Layer", "OSIPTEL.Common.Layer\OSIPTEL.Common.Layer.csproj", "{81D46866-89AA-49EA-95C5-DA60198FB09E}"
EndProject
Project("{9A19103F-16F7-4668-BE54-9A1E7A4F7556}") = "OSIPTEL.DomainDto.Layer", "OSIPTEL.DomainDto.Layer\OSIPTEL.DomainDto.Layer.csproj", "{8DB88F50-58A9-4DDC-9C29-CD8782C03C1B}"
EndProject
Project("{9A19103F-16F7-4668-BE54-9A1E7A4F7556}") = "OSIPTEL.Domain.Layer", "OSIPTEL.Domain.Layer\OSIPTEL.Domain.Layer.csproj", "{0CA6F378-94BA-42FA-81FC-1AD6E49F44FA}"
EndProject
Project("{9A19103F-16F7-4668-BE54-9A1E7A4F7556}") = "OSIPTEL.Persistence.Layer", "OSIPTEL.Persistence.Layer\OSIPTEL.Persistence.Layer.csproj", "{16F7CDE2-E603-4871-B673-436973B2B3A2}"
EndProject
Project("{9A19103F-16F7-4668-BE54-9A1E7A4F7556}") = "OSIPTEL.Service.Layer", "OSIPTEL.Service.Layer\OSIPTEL.Service.Layer.csproj", "{3DF7337F-23FB-47B6-A018-506076C176C8}"
EndProject
Global
	GlobalSection(SolutionConfigurationPlatforms) = preSolution
		Debug|Any CPU = Debug|Any CPU
		Release|Any CPU = Release|Any CPU
	EndGlobalSection
	GlobalSection(ProjectConfigurationPlatforms) = postSolution
		{B1C8DF6D-8D22-4812-898C-19CD7106B0D3}.Debug|Any CPU.ActiveCfg = Debug|Any CPU
		{B1C8DF6D-8D22-4812-898C-19CD7106B0D3}.Debug|Any CPU.Build.0 = Debug|Any CPU
		{B1C8DF6D-8D22-4812-898C-19CD7106B0D3}.Release|Any CPU.ActiveCfg = Release|Any CPU
		{B1C8DF6D-8D22-4812-898C-19CD7106B0D3}.Release|Any CPU.Build.0 = Release|Any CPU
		{81D46866-89AA-49EA-95C5-DA60198FB09E}.Debug|Any CPU.ActiveCfg = Debug|Any CPU
		{81D46866-89AA-49EA-95C5-DA60198FB09E}.Debug|Any CPU.Build.0 = Debug|Any CPU
		{81D46866-89AA-49EA-95C5-DA60198FB09E}.Release|Any CPU.ActiveCfg = Release|Any CPU
		{81D46866-89AA-49EA-95C5-DA60198FB09E}.Release|Any CPU.Build.0 = Release|Any CPU
		{8DB88F50-58A9-4DDC-9C29-CD8782C03C1B}.Debug|Any CPU.ActiveCfg = Debug|Any CPU
		{8DB88F50-58A9-4DDC-9C29-CD8782C03C1B}.Debug|Any CPU.Build.0 = Debug|Any CPU
		{8DB88F50-58A9-4DDC-9C29-CD8782C03C1B}.Release|Any CPU.ActiveCfg = Release|Any CPU
		{8DB88F50-58A9-4DDC-9C29-CD8782C03C1B}.Release|Any CPU.Build.0 = Release|Any CPU
		{0CA6F378-94BA-42FA-81FC-1AD6E49F44FA}.Debug|Any CPU.ActiveCfg = Debug|Any CPU
		{0CA6F378-94BA-42FA-81FC-1AD6E49F44FA}.Debug|Any CPU.Build.0 = Debug|Any CPU
		{0CA6F378-94BA-42FA-81FC-1AD6E49F44FA}.Release|Any CPU.ActiveCfg = Release|Any CPU
		{0CA6F378-94BA-42FA-81FC-1AD6E49F44FA}.Release|Any CPU.Build.0 = Release|Any CPU
		{16F7CDE2-E603-4871-B673-436973B2B3A2}.Debug|Any CPU.ActiveCfg = Debug|Any CPU
		{16F7CDE2-E603-4871-B673-436973B2B3A2}.Debug|Any CPU.Build.0 = Debug|Any CPU
		{16F7CDE2-E603-4871-B673-436973B2B3A2}.Release|Any CPU.ActiveCfg = Release|Any CPU
		{16F7CDE2-E603-4871-B673-436973B2B3A2}.Release|Any CPU.Build.0 = Release|Any CPU
		{3DF7337F-23FB-47B6-A018-506076C176C8}.Debug|Any CPU.ActiveCfg = Debug|Any CPU
		{3DF7337F-23FB-47B6-A018-506076C176C8}.Debug|Any CPU.Build.0 = Debug|Any CPU
		{3DF7337F-23FB-47B6-A018-506076C176C8}.Release|Any CPU.ActiveCfg = Release|Any CPU
		{3DF7337F-23FB-47B6-A018-506076C176C8}.Release|Any CPU.Build.0 = Release|Any CPU
	EndGlobalSection
	GlobalSection(SolutionProperties) = preSolution
		HideSolutionNode = FALSE
	EndGlobalSection
	GlobalSection(NestedProjects) = preSolution
		{B1C8DF6D-8D22-4812-898C-19CD7106B0D3} = {A796DCD1-3666-4DE3-A2AB-2A460A89984F}
		{81D46866-89AA-49EA-95C5-DA60198FB09E} = {84B6FD42-14A0-4B38-899C-C12FFFA0FDF1}
		{8DB88F50-58A9-4DDC-9C29-CD8782C03C1B} = {9AAEFAD9-AA6A-483A-AD6A-A254FE32C397}
		{0CA6F378-94BA-42FA-81FC-1AD6E49F44FA} = {9AAEFAD9-AA6A-483A-AD6A-A254FE32C397}
		{16F7CDE2-E603-4871-B673-436973B2B3A2} = {D5E531BA-D00B-4E0F-BF6C-3E36B1C33D3D}
		{3DF7337F-23FB-47B6-A018-506076C176C8} = {7E22185B-E4C1-4C40-BEFE-4ECD78063E41}
	EndGlobalSection
	GlobalSection(ExtensibilityGlobals) = postSolution
		SolutionGuid = {5AD161F0-C909-4CDA-9601-C4C6A853D602}
	EndGlobalSection
EndGlobal
